// !$*UTF8*$!
{
	archiveVersion = 1;
	classes = {
	};
	objectVersion = 56;
	objects = {

/* Begin PBXBuildFile section */
		A9CD2B782AC4B0B70062EB25 /* Assets.xcassets in Resources */ = {isa = PBXBuildFile; fileRef = A9CD2B772AC4B0B70062EB25 /* Assets.xcassets */; };
		A9CD2B7B2AC4B0B70062EB25 /* Preview Assets.xcassets in Resources */ = {isa = PBXBuildFile; fileRef = A9CD2B7A2AC4B0B70062EB25 /* Preview Assets.xcassets */; };
		A9CD2B892AC4B0CB0062EB25 /* ActionView.swift in Sources */ = {isa = PBXBuildFile; fileRef = A9CD2B832AC4B0CA0062EB25 /* ActionView.swift */; };
		A9CD2B8A2AC4B0CB0062EB25 /* SnippetsSoloView.swift in Sources */ = {isa = PBXBuildFile; fileRef = A9CD2B842AC4B0CA0062EB25 /* SnippetsSoloView.swift */; };
		A9CD2B8B2AC4B0CB0062EB25 /* Nano3App.swift in Sources */ = {isa = PBXBuildFile; fileRef = A9CD2B852AC4B0CA0062EB25 /* Nano3App.swift */; };
		A9CD2B8C2AC4B0CB0062EB25 /* Snippets.swift in Sources */ = {isa = PBXBuildFile; fileRef = A9CD2B862AC4B0CA0062EB25 /* Snippets.swift */; };
		A9CD2B8D2AC4B0CB0062EB25 /* MakeSnippet.swift in Sources */ = {isa = PBXBuildFile; fileRef = A9CD2B872AC4B0CB0062EB25 /* MakeSnippet.swift */; };
		A9CD2B932AC4B4CD0062EB25 /* ContentView.swift in Sources */ = {isa = PBXBuildFile; fileRef = A9CD2B902AC4B4520062EB25 /* ContentView.swift */; };
		A9CD2B952AC5EEC90062EB25 /* BlockView.swift in Sources */ = {isa = PBXBuildFile; fileRef = A9CD2B942AC5EEC90062EB25 /* BlockView.swift */; };
		A9CD2B972AC737C20062EB25 /* CreateView.swift in Sources */ = {isa = PBXBuildFile; fileRef = A9CD2B962AC737C20062EB25 /* CreateView.swift */; };
/* End PBXBuildFile section */

/* Begin PBXFileReference section */
		A9CD2B702AC4B0B60062EB25 /* Snippeteer.app */ = {isa = PBXFileReference; explicitFileType = wrapper.application; includeInIndex = 0; path = Snippeteer.app; sourceTree = BUILT_PRODUCTS_DIR; };
		A9CD2B772AC4B0B70062EB25 /* Assets.xcassets */ = {isa = PBXFileReference; lastKnownFileType = folder.assetcatalog; path = Assets.xcassets; sourceTree = "<group>"; };
		A9CD2B7A2AC4B0B70062EB25 /* Preview Assets.xcassets */ = {isa = PBXFileReference; lastKnownFileType = folder.assetcatalog; path = "Preview Assets.xcassets"; sourceTree = "<group>"; };
		A9CD2B7C2AC4B0B70062EB25 /* Snippeteer.entitlements */ = {isa = PBXFileReference; lastKnownFileType = text.plist.entitlements; path = Snippeteer.entitlements; sourceTree = "<group>"; };
		A9CD2B832AC4B0CA0062EB25 /* ActionView.swift */ = {isa = PBXFileReference; fileEncoding = 4; lastKnownFileType = sourcecode.swift; path = ActionView.swift; sourceTree = "<group>"; };
		A9CD2B842AC4B0CA0062EB25 /* SnippetsSoloView.swift */ = {isa = PBXFileReference; fileEncoding = 4; lastKnownFileType = sourcecode.swift; path = SnippetsSoloView.swift; sourceTree = "<group>"; };
		A9CD2B852AC4B0CA0062EB25 /* Nano3App.swift */ = {isa = PBXFileReference; fileEncoding = 4; lastKnownFileType = sourcecode.swift; path = Nano3App.swift; sourceTree = "<group>"; };
		A9CD2B862AC4B0CA0062EB25 /* Snippets.swift */ = {isa = PBXFileReference; fileEncoding = 4; lastKnownFileType = sourcecode.swift; path = Snippets.swift; sourceTree = "<group>"; };
		A9CD2B872AC4B0CB0062EB25 /* MakeSnippet.swift */ = {isa = PBXFileReference; fileEncoding = 4; lastKnownFileType = sourcecode.swift; path = MakeSnippet.swift; sourceTree = "<group>"; };
		A9CD2B902AC4B4520062EB25 /* ContentView.swift */ = {isa = PBXFileReference; lastKnownFileType = sourcecode.swift; path = ContentView.swift; sourceTree = "<group>"; };
		A9CD2B942AC5EEC90062EB25 /* BlockView.swift */ = {isa = PBXFileReference; lastKnownFileType = sourcecode.swift; path = BlockView.swift; sourceTree = "<group>"; };
		A9CD2B962AC737C20062EB25 /* CreateView.swift */ = {isa = PBXFileReference; lastKnownFileType = sourcecode.swift; path = CreateView.swift; sourceTree = "<group>"; };
/* End PBXFileReference section */

/* Begin PBXFrameworksBuildPhase section */
		A9CD2B6D2AC4B0B60062EB25 /* Frameworks */ = {
			isa = PBXFrameworksBuildPhase;
			buildActionMask = 2147483647;
			files = (
			);
			runOnlyForDeploymentPostprocessing = 0;
		};
/* End PBXFrameworksBuildPhase section */

/* Begin PBXGroup section */
		A9CD2B672AC4B0B60062EB25 = {
			isa = PBXGroup;
			children = (
				A9CD2B722AC4B0B60062EB25 /* Snippeteer */,
				A9CD2B712AC4B0B60062EB25 /* Products */,
			);
			sourceTree = "<group>";
		};
		A9CD2B712AC4B0B60062EB25 /* Products */ = {
			isa = PBXGroup;
			children = (
				A9CD2B702AC4B0B60062EB25 /* Snippeteer.app */,
			);
			name = Products;
			sourceTree = "<group>";
		};
		A9CD2B722AC4B0B60062EB25 /* Snippeteer */ = {
			isa = PBXGroup;
			children = (
				A9CD2B852AC4B0CA0062EB25 /* Nano3App.swift */,
				A9CD2B8F2AC4B4300062EB25 /* Model */,
				A9CD2B8E2AC4B4280062EB25 /* Views */,
				A9CD2B772AC4B0B70062EB25 /* Assets.xcassets */,
				A9CD2B7C2AC4B0B70062EB25 /* Snippeteer.entitlements */,
				A9CD2B792AC4B0B70062EB25 /* Preview Content */,
			);
			path = Snippeteer;
			sourceTree = "<group>";
		};
		A9CD2B792AC4B0B70062EB25 /* Preview Content */ = {
			isa = PBXGroup;
			children = (
				A9CD2B7A2AC4B0B70062EB25 /* Preview Assets.xcassets */,
			);
			path = "Preview Content";
			sourceTree = "<group>";
		};
		A9CD2B8E2AC4B4280062EB25 /* Views */ = {
			isa = PBXGroup;
			children = (
				A9CD2B962AC737C20062EB25 /* CreateView.swift */,
				A9CD2B942AC5EEC90062EB25 /* BlockView.swift */,
				A9CD2B842AC4B0CA0062EB25 /* SnippetsSoloView.swift */,
				A9CD2B902AC4B4520062EB25 /* ContentView.swift */,
				A9CD2B832AC4B0CA0062EB25 /* ActionView.swift */,
			);
			path = Views;
			sourceTree = "<group>";
		};
		A9CD2B8F2AC4B4300062EB25 /* Model */ = {
			isa = PBXGroup;
			children = (
				A9CD2B872AC4B0CB0062EB25 /* MakeSnippet.swift */,
				A9CD2B862AC4B0CA0062EB25 /* Snippets.swift */,
			);
			path = Model;
			sourceTree = "<group>";
		};
/* End PBXGroup section */

/* Begin PBXNativeTarget section */
		A9CD2B6F2AC4B0B60062EB25 /* Snippeteer */ = {
			isa = PBXNativeTarget;
			buildConfigurationList = A9CD2B7F2AC4B0B70062EB25 /* Build configuration list for PBXNativeTarget "Snippeteer" */;
			buildPhases = (
				A9CD2B6C2AC4B0B60062EB25 /* Sources */,
				A9CD2B6D2AC4B0B60062EB25 /* Frameworks */,
				A9CD2B6E2AC4B0B60062EB25 /* Resources */,
			);
			buildRules = (
			);
			dependencies = (
			);
			name = Snippeteer;
			productName = Snippeteer;
			productReference = A9CD2B702AC4B0B60062EB25 /* Snippeteer.app */;
			productType = "com.apple.product-type.application";
		};
/* End PBXNativeTarget section */

/* Begin PBXProject section */
		A9CD2B682AC4B0B60062EB25 /* Project object */ = {
			isa = PBXProject;
			attributes = {
				BuildIndependentTargetsInParallel = 1;
				LastSwiftUpdateCheck = 1500;
				LastUpgradeCheck = 1500;
				TargetAttributes = {
					A9CD2B6F2AC4B0B60062EB25 = {
						CreatedOnToolsVersion = 15.0;
					};
				};
			};
			buildConfigurationList = A9CD2B6B2AC4B0B60062EB25 /* Build configuration list for PBXProject "Snippeteer" */;
			compatibilityVersion = "Xcode 14.0";
			developmentRegion = en;
			hasScannedForEncodings = 0;
			knownRegions = (
				en,
				Base,
			);
			mainGroup = A9CD2B672AC4B0B60062EB25;
			productRefGroup = A9CD2B712AC4B0B60062EB25 /* Products */;
			projectDirPath = "";
			projectRoot = "";
			targets = (
				A9CD2B6F2AC4B0B60062EB25 /* Snippeteer */,
			);
		};
/* End PBXProject section */

/* Begin PBXResourcesBuildPhase section */
		A9CD2B6E2AC4B0B60062EB25 /* Resources */ = {
			isa = PBXResourcesBuildPhase;
			buildActionMask = 2147483647;
			files = (
				A9CD2B7B2AC4B0B70062EB25 /* Preview Assets.xcassets in Resources */,
				A9CD2B782AC4B0B70062EB25 /* Assets.xcassets in Resources */,
			);
			runOnlyForDeploymentPostprocessing = 0;
		};
/* End PBXResourcesBuildPhase section */

/* Begin PBXSourcesBuildPhase section */
		A9CD2B6C2AC4B0B60062EB25 /* Sources */ = {
			isa = PBXSourcesBuildPhase;
			buildActionMask = 2147483647;
			files = (
				A9CD2B892AC4B0CB0062EB25 /* ActionView.swift in Sources */,
				A9CD2B8C2AC4B0CB0062EB25 /* Snippets.swift in Sources */,
				A9CD2B972AC737C20062EB25 /* CreateView.swift in Sources */,
				A9CD2B932AC4B4CD0062EB25 /* ContentView.swift in Sources */,
				A9CD2B8D2AC4B0CB0062EB25 /* MakeSnippet.swift in Sources */,
				A9CD2B952AC5EEC90062EB25 /* BlockView.swift in Sources */,
				A9CD2B8A2AC4B0CB0062EB25 /* SnippetsSoloView.swift in Sources */,
				A9CD2B8B2AC4B0CB0062EB25 /* Nano3App.swift in Sources */,
			);
			runOnlyForDeploymentPostprocessing = 0;
		};
/* End PBXSourcesBuildPhase section */

/* Begin XCBuildConfiguration section */
		A9CD2B7D2AC4B0B70062EB25 /* Debug */ = {
			isa = XCBuildConfiguration;
			buildSettings = {
				ALWAYS_SEARCH_USER_PATHS = NO;
				ASSETCATALOG_COMPILER_GENERATE_SWIFT_ASSET_SYMBOL_EXTENSIONS = YES;
				CLANG_ANALYZER_NONNULL = YES;
				CLANG_ANALYZER_NUMBER_OBJECT_CONVERSION = YES_AGGRESSIVE;
				CLANG_CXX_LANGUAGE_STANDARD = "gnu++20";
				CLANG_ENABLE_MODULES = YES;
				CLANG_ENABLE_OBJC_ARC = YES;
				CLANG_ENABLE_OBJC_WEAK = YES;
				CLANG_WARN_BLOCK_CAPTURE_AUTORELEASING = YES;
				CLANG_WARN_BOOL_CONVERSION = YES;
				CLANG_WARN_COMMA = YES;
				CLANG_WARN_CONSTANT_CONVERSION = YES;
				CLANG_WARN_DEPRECATED_OBJC_IMPLEMENTATIONS = YES;
				CLANG_WARN_DIRECT_OBJC_ISA_USAGE = YES_ERROR;
				CLANG_WARN_DOCUMENTATION_COMMENTS = YES;
				CLANG_WARN_EMPTY_BODY = YES;
				CLANG_WARN_ENUM_CONVERSION = YES;
				CLANG_WARN_INFINITE_RECURSION = YES;
				CLANG_WARN_INT_CONVERSION = YES;
				CLANG_WARN_NON_LITERAL_NULL_CONVERSION = YES;
				CLANG_WARN_OBJC_IMPLICIT_RETAIN_SELF = YES;
				CLANG_WARN_OBJC_LITERAL_CONVERSION = YES;
				CLANG_WARN_OBJC_ROOT_CLASS = YES_ERROR;
				CLANG_WARN_QUOTED_INCLUDE_IN_FRAMEWORK_HEADER = YES;
				CLANG_WARN_RANGE_LOOP_ANALYSIS = YES;
				CLANG_WARN_STRICT_PROTOTYPES = YES;
				CLANG_WARN_SUSPICIOUS_MOVE = YES;
				CLANG_WARN_UNGUARDED_AVAILABILITY = YES_AGGRESSIVE;
				CLANG_WARN_UNREACHABLE_CODE = YES;
				CLANG_WARN__DUPLICATE_METHOD_MATCH = YES;
				COPY_PHASE_STRIP = NO;
				DEBUG_INFORMATION_FORMAT = dwarf;
				ENABLE_STRICT_OBJC_MSGSEND = YES;
				ENABLE_TESTABILITY = YES;
				ENABLE_USER_SCRIPT_SANDBOXING = YES;
				GCC_C_LANGUAGE_STANDARD = gnu17;
				GCC_DYNAMIC_NO_PIC = NO;
				GCC_NO_COMMON_BLOCKS = YES;
				GCC_OPTIMIZATION_LEVEL = 0;
				GCC_PREPROCESSOR_DEFINITIONS = (
					"DEBUG=1",
					"$(inherited)",
				);
				GCC_WARN_64_TO_32_BIT_CONVERSION = YES;
				GCC_WARN_ABOUT_RETURN_TYPE = YES_ERROR;
				GCC_WARN_UNDECLARED_SELECTOR = YES;
				GCC_WARN_UNINITIALIZED_AUTOS = YES_AGGRESSIVE;
				GCC_WARN_UNUSED_FUNCTION = YES;
				GCC_WARN_UNUSED_VARIABLE = YES;
				LOCALIZATION_PREFERS_STRING_CATALOGS = YES;
				MACOSX_DEPLOYMENT_TARGET = 14.0;
				MTL_ENABLE_DEBUG_INFO = INCLUDE_SOURCE;
				MTL_FAST_MATH = YES;
				ONLY_ACTIVE_ARCH = YES;
				SDKROOT = macosx;
				SWIFT_ACTIVE_COMPILATION_CONDITIONS = "DEBUG $(inherited)";
				SWIFT_OPTIMIZATION_LEVEL = "-Onone";
			};
			name = Debug;
		};
		A9CD2B7E2AC4B0B70062EB25 /* Release */ = {
			isa = XCBuildConfiguration;
			buildSettings = {
				ALWAYS_SEARCH_USER_PATHS = NO;
				ASSETCATALOG_COMPILER_GENERATE_SWIFT_ASSET_SYMBOL_EXTENSIONS = YES;
				CLANG_ANALYZER_NONNULL = YES;
				CLANG_ANALYZER_NUMBER_OBJECT_CONVERSION = YES_AGGRESSIVE;
				CLANG_CXX_LANGUAGE_STANDARD = "gnu++20";
				CLANG_ENABLE_MODULES = YES;
				CLANG_ENABLE_OBJC_ARC = YES;
				CLANG_ENABLE_OBJC_WEAK = YES;
				CLANG_WARN_BLOCK_CAPTURE_AUTORELEASING = YES;
				CLANG_WARN_BOOL_CONVERSION = YES;
				CLANG_WARN_COMMA = YES;
				CLANG_WARN_CONSTANT_CONVERSION = YES;
				CLANG_WARN_DEPRECATED_OBJC_IMPLEMENTATIONS = YES;
				CLANG_WARN_DIRECT_OBJC_ISA_USAGE = YES_ERROR;
				CLANG_WARN_DOCUMENTATION_COMMENTS = YES;
				CLANG_WARN_EMPTY_BODY = YES;
				CLANG_WARN_ENUM_CONVERSION = YES;
				CLANG_WARN_INFINITE_RECURSION = YES;
				CLANG_WARN_INT_CONVERSION = YES;
				CLANG_WARN_NON_LITERAL_NULL_CONVERSION = YES;
				CLANG_WARN_OBJC_IMPLICIT_RETAIN_SELF = YES;
				CLANG_WARN_OBJC_LITERAL_CONVERSION = YES;
				CLANG_WARN_OBJC_ROOT_CLASS = YES_ERROR;
				CLANG_WARN_QUOTED_INCLUDE_IN_FRAMEWORK_HEADER = YES;
				CLANG_WARN_RANGE_LOOP_ANALYSIS = YES;
				CLANG_WARN_STRICT_PROTOTYPES = YES;
				CLANG_WARN_SUSPICIOUS_MOVE = YES;
				CLANG_WARN_UNGUARDED_AVAILABILITY = YES_AGGRESSIVE;
				CLANG_WARN_UNREACHABLE_CODE = YES;
				CLANG_WARN__DUPLICATE_METHOD_MATCH = YES;
				COPY_PHASE_STRIP = NO;
				DEBUG_INFORMATION_FORMAT = "dwarf-with-dsym";
				ENABLE_NS_ASSERTIONS = NO;
				ENABLE_STRICT_OBJC_MSGSEND = YES;
				ENABLE_USER_SCRIPT_SANDBOXING = YES;
				GCC_C_LANGUAGE_STANDARD = gnu17;
				GCC_NO_COMMON_BLOCKS = YES;
				GCC_WARN_64_TO_32_BIT_CONVERSION = YES;
				GCC_WARN_ABOUT_RETURN_TYPE = YES_ERROR;
				GCC_WARN_UNDECLARED_SELECTOR = YES;
				GCC_WARN_UNINITIALIZED_AUTOS = YES_AGGRESSIVE;
				GCC_WARN_UNUSED_FUNCTION = YES;
				GCC_WARN_UNUSED_VARIABLE = YES;
				LOCALIZATION_PREFERS_STRING_CATALOGS = YES;
				MACOSX_DEPLOYMENT_TARGET = 14.0;
				MTL_ENABLE_DEBUG_INFO = NO;
				MTL_FAST_MATH = YES;
				SDKROOT = macosx;
				SWIFT_COMPILATION_MODE = wholemodule;
			};
			name = Release;
		};
		A9CD2B802AC4B0B70062EB25 /* Debug */ = {
			isa = XCBuildConfiguration;
			buildSettings = {
				ASSETCATALOG_COMPILER_APPICON_NAME = AppIcon;
				ASSETCATALOG_COMPILER_GLOBAL_ACCENT_COLOR_NAME = AccentColor;
				CODE_SIGN_ENTITLEMENTS = Snippeteer/Snippeteer.entitlements;
				CODE_SIGN_STYLE = Automatic;
				COMBINE_HIDPI_IMAGES = YES;
				CURRENT_PROJECT_VERSION = 1;
				DEVELOPMENT_ASSET_PATHS = "\"Snippeteer/Preview Content\"";
				DEVELOPMENT_TEAM = K6W38SA3SY;
				ENABLE_HARDENED_RUNTIME = YES;
				ENABLE_PREVIEWS = YES;
				GENERATE_INFOPLIST_FILE = YES;
				INFOPLIST_KEY_NSHumanReadableCopyright = "";
				LD_RUNPATH_SEARCH_PATHS = (
					"$(inherited)",
					"@executable_path/../Frameworks",
				);
				MARKETING_VERSION = 1.0;
				PRODUCT_BUNDLE_IDENTIFIER = afonso.rekbaim.Snippeteer;
				PRODUCT_NAME = "$(TARGET_NAME)";
				SWIFT_EMIT_LOC_STRINGS = YES;
				SWIFT_VERSION = 5.0;
			};
			name = Debug;
		};
		A9CD2B812AC4B0B70062EB25 /* Release */ = {
			isa = XCBuildConfiguration;
			buildSettings = {
				ASSETCATALOG_COMPILER_APPICON_NAME = AppIcon;
				ASSETCATALOG_COMPILER_GLOBAL_ACCENT_COLOR_NAME = AccentColor;
				CODE_SIGN_ENTITLEMENTS = Snippeteer/Snippeteer.entitlements;
				CODE_SIGN_STYLE = Automatic;
				COMBINE_HIDPI_IMAGES = YES;
				CURRENT_PROJECT_VERSION = 1;
				DEVELOPMENT_ASSET_PATHS = "\"Snippeteer/Preview Content\"";
				DEVELOPMENT_TEAM = K6W38SA3SY;
				ENABLE_HARDENED_RUNTIME = YES;
				ENABLE_PREVIEWS = YES;
				GENERATE_INFOPLIST_FILE = YES;
				INFOPLIST_KEY_NSHumanReadableCopyright = "";
				LD_RUNPATH_SEARCH_PATHS = (
					"$(inherited)",
					"@executable_path/../Frameworks",
				);
				MARKETING_VERSION = 1.0;
				PRODUCT_BUNDLE_IDENTIFIER = afonso.rekbaim.Snippeteer;
				PRODUCT_NAME = "$(TARGET_NAME)";
				SWIFT_EMIT_LOC_STRINGS = YES;
				SWIFT_VERSION = 5.0;
			};
			name = Release;
		};
/* End XCBuildConfiguration section */

/* Begin XCConfigurationList section */
		A9CD2B6B2AC4B0B60062EB25 /* Build configuration list for PBXProject "Snippeteer" */ = {
			isa = XCConfigurationList;
			buildConfigurations = (
				A9CD2B7D2AC4B0B70062EB25 /* Debug */,
				A9CD2B7E2AC4B0B70062EB25 /* Release */,
			);
			defaultConfigurationIsVisible = 0;
			defaultConfigurationName = Release;
		};
		A9CD2B7F2AC4B0B70062EB25 /* Build configuration list for PBXNativeTarget "Snippeteer" */ = {
			isa = XCConfigurationList;
			buildConfigurations = (
				A9CD2B802AC4B0B70062EB25 /* Debug */,
				A9CD2B812AC4B0B70062EB25 /* Release */,
			);
			defaultConfigurationIsVisible = 0;
			defaultConfigurationName = Release;
		};
/* End XCConfigurationList section */
	};
	rootObject = A9CD2B682AC4B0B60062EB25 /* Project object */;
}
